
Microsoft Visual Studio Solution File, Format Version 12.00
# Visual Studio 15
VisualStudioVersion = 15.0.26730.12
MinimumVisualStudioVersion = 10.0.40219.1
Project("{9092AA53-FB77-4645-B42D-1CCCA6BD08BD}") = "Server", "Server\Server.njsproj", "{26FE97BD-FC09-4567-B8AB-F1DC494B919D}"
EndProject
Project("{E24C65DC-7377-472B-9ABA-BC803B73C61A}") = "Client(1)", "Client\", "{D0B6D4AC-E197-4C97-858A-6646D5AD8FE9}"
	ProjectSection(WebsiteProperties) = preProject
		TargetFrameworkMoniker = ".NETFramework,Version%3Dv4.6.1"
		Debug.AspNetCompiler.VirtualPath = "/localhost_56669"
		Debug.AspNetCompiler.PhysicalPath = "Client\"
		Debug.AspNetCompiler.TargetPath = "PrecompiledWeb\localhost_56669\"
		Debug.AspNetCompiler.Updateable = "true"
		Debug.AspNetCompiler.ForceOverwrite = "true"
		Debug.AspNetCompiler.FixedNames = "false"
		Debug.AspNetCompiler.Debug = "True"
		Release.AspNetCompiler.VirtualPath = "/localhost_56669"
		Release.AspNetCompiler.PhysicalPath = "Client\"
		Release.AspNetCompiler.TargetPath = "PrecompiledWeb\localhost_56669\"
		Release.AspNetCompiler.Updateable = "true"
		Release.AspNetCompiler.ForceOverwrite = "true"
		Release.AspNetCompiler.FixedNames = "false"
		Release.AspNetCompiler.Debug = "False"
		VWDPort = "56669"
		DefaultWebSiteLanguage = "Visual C#"
	EndProjectSection
EndProject
Global
	GlobalSection(SolutionConfigurationPlatforms) = preSolution
		Debug|Any CPU = Debug|Any CPU
		Release|Any CPU = Release|Any CPU
	EndGlobalSection
	GlobalSection(ProjectConfigurationPlatforms) = postSolution
		{26FE97BD-FC09-4567-B8AB-F1DC494B919D}.Debug|Any CPU.ActiveCfg = Debug|Any CPU
		{26FE97BD-FC09-4567-B8AB-F1DC494B919D}.Debug|Any CPU.Build.0 = Debug|Any CPU
		{26FE97BD-FC09-4567-B8AB-F1DC494B919D}.Release|Any CPU.ActiveCfg = Release|Any CPU
		{26FE97BD-FC09-4567-B8AB-F1DC494B919D}.Release|Any CPU.Build.0 = Release|Any CPU
		{D0B6D4AC-E197-4C97-858A-6646D5AD8FE9}.Debug|Any CPU.ActiveCfg = Debug|Any CPU
		{D0B6D4AC-E197-4C97-858A-6646D5AD8FE9}.Debug|Any CPU.Build.0 = Debug|Any CPU
		{D0B6D4AC-E197-4C97-858A-6646D5AD8FE9}.Release|Any CPU.ActiveCfg = Debug|Any CPU
		{D0B6D4AC-E197-4C97-858A-6646D5AD8FE9}.Release|Any CPU.Build.0 = Debug|Any CPU
	EndGlobalSection
	GlobalSection(SolutionProperties) = preSolution
		HideSolutionNode = FALSE
	EndGlobalSection
	GlobalSection(ExtensibilityGlobals) = postSolution
		SolutionGuid = {06A6841B-8981-4DEC-8892-A4BCFD9A8BED}
	EndGlobalSection
EndGlobal
